
Microsoft Visual Studio Solution File, Format Version 12.00
# Visual Studio 15
VisualStudioVersion = 15.0.28307.539
MinimumVisualStudioVersion = 10.0.40219.1
Project("{FAE04EC0-301F-11D3-BF4B-00C04F79EFBC}") = "WebApp", "WebApp\WebApp.csproj", "{49F45371-07AA-486A-86BE-22F37AF04EA1}"
EndProject
Project("{00D1A9C2-B5F0-4AF3-8072-F6C62B433612}") = "WebApp.Database", "WebApp.Database\WebApp.Database.sqlproj", "{CF5FADBF-AAB1-42F1-AEE6-CA7D5A028167}"
EndProject
Global
	GlobalSection(SolutionConfigurationPlatforms) = preSolution
		Debug|Any CPU = Debug|Any CPU
		Release|Any CPU = Release|Any CPU
	EndGlobalSection
	GlobalSection(ProjectConfigurationPlatforms) = postSolution
		{49F45371-07AA-486A-86BE-22F37AF04EA1}.Debug|Any CPU.ActiveCfg = Debug|Any CPU
		{49F45371-07AA-486A-86BE-22F37AF04EA1}.Debug|Any CPU.Build.0 = Debug|Any CPU
		{49F45371-07AA-486A-86BE-22F37AF04EA1}.Release|Any CPU.ActiveCfg = Release|Any CPU
		{49F45371-07AA-486A-86BE-22F37AF04EA1}.Release|Any CPU.Build.0 = Release|Any CPU
		{CF5FADBF-AAB1-42F1-AEE6-CA7D5A028167}.Debug|Any CPU.ActiveCfg = Debug|Any CPU
		{CF5FADBF-AAB1-42F1-AEE6-CA7D5A028167}.Debug|Any CPU.Build.0 = Debug|Any CPU
		{CF5FADBF-AAB1-42F1-AEE6-CA7D5A028167}.Debug|Any CPU.Deploy.0 = Debug|Any CPU
		{CF5FADBF-AAB1-42F1-AEE6-CA7D5A028167}.Release|Any CPU.ActiveCfg = Release|Any CPU
		{CF5FADBF-AAB1-42F1-AEE6-CA7D5A028167}.Release|Any CPU.Build.0 = Release|Any CPU
		{CF5FADBF-AAB1-42F1-AEE6-CA7D5A028167}.Release|Any CPU.Deploy.0 = Release|Any CPU
	EndGlobalSection
	GlobalSection(SolutionProperties) = preSolution
		HideSolutionNode = FALSE
	EndGlobalSection
	GlobalSection(ExtensibilityGlobals) = postSolution
		SolutionGuid = {BCF0247B-40A0-4AF5-87C5-A59E8D1A00FC}
	EndGlobalSection
EndGlobal
